// !$*UTF8*$!
{
	archiveVersion = 1;
	classes = {
	};
	objectVersion = 51;
	objects = {

/* Begin PBXBuildFile section */
		757774A923EF0FDB00D7864A /* LoginViewController.swift in Sources */ = {isa = PBXBuildFile; fileRef = 757774A823EF0FDB00D7864A /* LoginViewController.swift */; };
		757774AB23EF120700D7864A /* LoginWebService.swift in Sources */ = {isa = PBXBuildFile; fileRef = 757774AA23EF120700D7864A /* LoginWebService.swift */; };
		757774AD23EF153B00D7864A /* FirstViewController.swift in Sources */ = {isa = PBXBuildFile; fileRef = 757774AC23EF153B00D7864A /* FirstViewController.swift */; };
		759FB92323E89ECC00DE04A4 /* Form.swift in Sources */ = {isa = PBXBuildFile; fileRef = 759FB92223E89ECC00DE04A4 /* Form.swift */; };
		759FB92523E89EDA00DE04A4 /* FormField.swift in Sources */ = {isa = PBXBuildFile; fileRef = 759FB92423E89EDA00DE04A4 /* FormField.swift */; };
		759FB92723E89EE300DE04A4 /* FieldOptions.swift in Sources */ = {isa = PBXBuildFile; fileRef = 759FB92623E89EE300DE04A4 /* FieldOptions.swift */; };
		759FB92A23E8A07B00DE04A4 /* FormWebService.swift in Sources */ = {isa = PBXBuildFile; fileRef = 759FB92923E8A07B00DE04A4 /* FormWebService.swift */; };
		759FB92D23E8A0E500DE04A4 /* FormsModel.swift in Sources */ = {isa = PBXBuildFile; fileRef = 759FB92C23E8A0E500DE04A4 /* FormsModel.swift */; };
		759FB93023E8A15800DE04A4 /* MyUrls.swift in Sources */ = {isa = PBXBuildFile; fileRef = 759FB92F23E8A15800DE04A4 /* MyUrls.swift */; };
		759FB93223E8A37200DE04A4 /* FieldsModel.swift in Sources */ = {isa = PBXBuildFile; fileRef = 759FB93123E8A37200DE04A4 /* FieldsModel.swift */; };
		759FB93423E8A3E300DE04A4 /* DataProcessor.swift in Sources */ = {isa = PBXBuildFile; fileRef = 759FB93323E8A3E300DE04A4 /* DataProcessor.swift */; };
		759FB93623E8A4C600DE04A4 /* SimpleModel.swift in Sources */ = {isa = PBXBuildFile; fileRef = 759FB93523E8A4C600DE04A4 /* SimpleModel.swift */; };
		759FB93823E8AC8200DE04A4 /* Data.swift in Sources */ = {isa = PBXBuildFile; fileRef = 759FB93723E8AC8200DE04A4 /* Data.swift */; };
		759FB93A23E8AF8500DE04A4 /* Utils.swift in Sources */ = {isa = PBXBuildFile; fileRef = 759FB93923E8AF8500DE04A4 /* Utils.swift */; };
		759FB93C23E8C55D00DE04A4 /* RPicker.swift in Sources */ = {isa = PBXBuildFile; fileRef = 759FB93B23E8C55D00DE04A4 /* RPicker.swift */; };
		75A1565223E8929100C5C92B /* AppDelegate.swift in Sources */ = {isa = PBXBuildFile; fileRef = 75A1565123E8929100C5C92B /* AppDelegate.swift */; };
		75A1565423E8929100C5C92B /* SceneDelegate.swift in Sources */ = {isa = PBXBuildFile; fileRef = 75A1565323E8929100C5C92B /* SceneDelegate.swift */; };
		75A1565623E8929100C5C92B /* ViewController.swift in Sources */ = {isa = PBXBuildFile; fileRef = 75A1565523E8929100C5C92B /* ViewController.swift */; };
		75A1565923E8929100C5C92B /* Main.storyboard in Resources */ = {isa = PBXBuildFile; fileRef = 75A1565723E8929100C5C92B /* Main.storyboard */; };
		75A1565B23E8929600C5C92B /* Assets.xcassets in Resources */ = {isa = PBXBuildFile; fileRef = 75A1565A23E8929600C5C92B /* Assets.xcassets */; };
		75A1565E23E8929600C5C92B /* LaunchScreen.storyboard in Resources */ = {isa = PBXBuildFile; fileRef = 75A1565C23E8929600C5C92B /* LaunchScreen.storyboard */; };
		75A1566723E8984400C5C92B /* FormsListViewController.swift in Sources */ = {isa = PBXBuildFile; fileRef = 75A1566623E8984400C5C92B /* FormsListViewController.swift */; };
		75A1566B23E89A1000C5C92B /* MapView.swift in Sources */ = {isa = PBXBuildFile; fileRef = 75A1566A23E89A1000C5C92B /* MapView.swift */; };
		75A1566E23E89C4600C5C92B /* TextNumberCell.swift in Sources */ = {isa = PBXBuildFile; fileRef = 75A1566D23E89C4600C5C92B /* TextNumberCell.swift */; };
		75A1567023E89C5600C5C92B /* DropdownCell.swift in Sources */ = {isa = PBXBuildFile; fileRef = 75A1566F23E89C5600C5C92B /* DropdownCell.swift */; };
		75A1567223E89C6400C5C92B /* LocationCell.swift in Sources */ = {isa = PBXBuildFile; fileRef = 75A1567123E89C6400C5C92B /* LocationCell.swift */; };
		75A1567423E89C7500C5C92B /* DateCell.swift in Sources */ = {isa = PBXBuildFile; fileRef = 75A1567323E89C7500C5C92B /* DateCell.swift */; };
		75A1567723E89CFB00C5C92B /* ViewFormViewController.swift in Sources */ = {isa = PBXBuildFile; fileRef = 75A1567623E89CFB00C5C92B /* ViewFormViewController.swift */; };
		75A1567923E89D9800C5C92B /* ListCell.swift in Sources */ = {isa = PBXBuildFile; fileRef = 75A1567823E89D9800C5C92B /* ListCell.swift */; };
		F1900A7FEC22039CD4D15B05 /* Pods_IEProject.framework in Frameworks */ = {isa = PBXBuildFile; fileRef = 80751E09E603707A8942C0D8 /* Pods_IEProject.framework */; };
/* End PBXBuildFile section */

/* Begin PBXFileReference section */
		757774A823EF0FDB00D7864A /* LoginViewController.swift */ = {isa = PBXFileReference; lastKnownFileType = sourcecode.swift; path = LoginViewController.swift; sourceTree = "<group>"; };
		757774AA23EF120700D7864A /* LoginWebService.swift */ = {isa = PBXFileReference; lastKnownFileType = sourcecode.swift; path = LoginWebService.swift; sourceTree = "<group>"; };
		757774AC23EF153B00D7864A /* FirstViewController.swift */ = {isa = PBXFileReference; lastKnownFileType = sourcecode.swift; path = FirstViewController.swift; sourceTree = "<group>"; };
		759FB92223E89ECC00DE04A4 /* Form.swift */ = {isa = PBXFileReference; lastKnownFileType = sourcecode.swift; path = Form.swift; sourceTree = "<group>"; };
		759FB92423E89EDA00DE04A4 /* FormField.swift */ = {isa = PBXFileReference; lastKnownFileType = sourcecode.swift; path = FormField.swift; sourceTree = "<group>"; };
		759FB92623E89EE300DE04A4 /* FieldOptions.swift */ = {isa = PBXFileReference; lastKnownFileType = sourcecode.swift; path = FieldOptions.swift; sourceTree = "<group>"; };
		759FB92923E8A07B00DE04A4 /* FormWebService.swift */ = {isa = PBXFileReference; lastKnownFileType = sourcecode.swift; path = FormWebService.swift; sourceTree = "<group>"; };
		759FB92C23E8A0E500DE04A4 /* FormsModel.swift */ = {isa = PBXFileReference; lastKnownFileType = sourcecode.swift; path = FormsModel.swift; sourceTree = "<group>"; };
		759FB92F23E8A15800DE04A4 /* MyUrls.swift */ = {isa = PBXFileReference; lastKnownFileType = sourcecode.swift; path = MyUrls.swift; sourceTree = "<group>"; };
		759FB93123E8A37200DE04A4 /* FieldsModel.swift */ = {isa = PBXFileReference; lastKnownFileType = sourcecode.swift; path = FieldsModel.swift; sourceTree = "<group>"; };
		759FB93323E8A3E300DE04A4 /* DataProcessor.swift */ = {isa = PBXFileReference; lastKnownFileType = sourcecode.swift; path = DataProcessor.swift; sourceTree = "<group>"; };
		759FB93523E8A4C600DE04A4 /* SimpleModel.swift */ = {isa = PBXFileReference; lastKnownFileType = sourcecode.swift; path = SimpleModel.swift; sourceTree = "<group>"; };
		759FB93723E8AC8200DE04A4 /* Data.swift */ = {isa = PBXFileReference; lastKnownFileType = sourcecode.swift; path = Data.swift; sourceTree = "<group>"; };
		759FB93923E8AF8500DE04A4 /* Utils.swift */ = {isa = PBXFileReference; lastKnownFileType = sourcecode.swift; path = Utils.swift; sourceTree = "<group>"; };
		759FB93B23E8C55D00DE04A4 /* RPicker.swift */ = {isa = PBXFileReference; lastKnownFileType = sourcecode.swift; path = RPicker.swift; sourceTree = "<group>"; };
		75A1564E23E8929100C5C92B /* IEProject.app */ = {isa = PBXFileReference; explicitFileType = wrapper.application; includeInIndex = 0; path = IEProject.app; sourceTree = BUILT_PRODUCTS_DIR; };
		75A1565123E8929100C5C92B /* AppDelegate.swift */ = {isa = PBXFileReference; lastKnownFileType = sourcecode.swift; path = AppDelegate.swift; sourceTree = "<group>"; };
		75A1565323E8929100C5C92B /* SceneDelegate.swift */ = {isa = PBXFileReference; lastKnownFileType = sourcecode.swift; path = SceneDelegate.swift; sourceTree = "<group>"; };
		75A1565523E8929100C5C92B /* ViewController.swift */ = {isa = PBXFileReference; lastKnownFileType = sourcecode.swift; path = ViewController.swift; sourceTree = "<group>"; };
		75A1565823E8929100C5C92B /* Base */ = {isa = PBXFileReference; lastKnownFileType = file.storyboard; name = Base; path = Base.lproj/Main.storyboard; sourceTree = "<group>"; };
		75A1565A23E8929600C5C92B /* Assets.xcassets */ = {isa = PBXFileReference; lastKnownFileType = folder.assetcatalog; path = Assets.xcassets; sourceTree = "<group>"; };
		75A1565D23E8929600C5C92B /* Base */ = {isa = PBXFileReference; lastKnownFileType = file.storyboard; name = Base; path = Base.lproj/LaunchScreen.storyboard; sourceTree = "<group>"; };
		75A1565F23E8929600C5C92B /* Info.plist */ = {isa = PBXFileReference; lastKnownFileType = text.plist.xml; path = Info.plist; sourceTree = "<group>"; };
		75A1566623E8984400C5C92B /* FormsListViewController.swift */ = {isa = PBXFileReference; lastKnownFileType = sourcecode.swift; path = FormsListViewController.swift; sourceTree = "<group>"; };
		75A1566A23E89A1000C5C92B /* MapView.swift */ = {isa = PBXFileReference; lastKnownFileType = sourcecode.swift; path = MapView.swift; sourceTree = "<group>"; };
		75A1566D23E89C4600C5C92B /* TextNumberCell.swift */ = {isa = PBXFileReference; lastKnownFileType = sourcecode.swift; path = TextNumberCell.swift; sourceTree = "<group>"; };
		75A1566F23E89C5600C5C92B /* DropdownCell.swift */ = {isa = PBXFileReference; lastKnownFileType = sourcecode.swift; path = DropdownCell.swift; sourceTree = "<group>"; };
		75A1567123E89C6400C5C92B /* LocationCell.swift */ = {isa = PBXFileReference; lastKnownFileType = sourcecode.swift; path = LocationCell.swift; sourceTree = "<group>"; };
		75A1567323E89C7500C5C92B /* DateCell.swift */ = {isa = PBXFileReference; lastKnownFileType = sourcecode.swift; path = DateCell.swift; sourceTree = "<group>"; };
		75A1567623E89CFB00C5C92B /* ViewFormViewController.swift */ = {isa = PBXFileReference; lastKnownFileType = sourcecode.swift; path = ViewFormViewController.swift; sourceTree = "<group>"; };
		75A1567823E89D9800C5C92B /* ListCell.swift */ = {isa = PBXFileReference; lastKnownFileType = sourcecode.swift; path = ListCell.swift; sourceTree = "<group>"; };
		80751E09E603707A8942C0D8 /* Pods_IEProject.framework */ = {isa = PBXFileReference; explicitFileType = wrapper.framework; includeInIndex = 0; path = Pods_IEProject.framework; sourceTree = BUILT_PRODUCTS_DIR; };
		A762670D19C0A271A0B40A65 /* Pods-IEProject.release.xcconfig */ = {isa = PBXFileReference; includeInIndex = 1; lastKnownFileType = text.xcconfig; name = "Pods-IEProject.release.xcconfig"; path = "Target Support Files/Pods-IEProject/Pods-IEProject.release.xcconfig"; sourceTree = "<group>"; };
		DE506ADFC6271F726B5B349C /* Pods-IEProject.debug.xcconfig */ = {isa = PBXFileReference; includeInIndex = 1; lastKnownFileType = text.xcconfig; name = "Pods-IEProject.debug.xcconfig"; path = "Target Support Files/Pods-IEProject/Pods-IEProject.debug.xcconfig"; sourceTree = "<group>"; };
/* End PBXFileReference section */

/* Begin PBXFrameworksBuildPhase section */
		75A1564B23E8929100C5C92B /* Frameworks */ = {
			isa = PBXFrameworksBuildPhase;
			buildActionMask = 2147483647;
			files = (
				F1900A7FEC22039CD4D15B05 /* Pods_IEProject.framework in Frameworks */,
			);
			runOnlyForDeploymentPostprocessing = 0;
		};
/* End PBXFrameworksBuildPhase section */

/* Begin PBXGroup section */
		759FB92123E89EBD00DE04A4 /* Models */ = {
			isa = PBXGroup;
			children = (
				759FB92223E89ECC00DE04A4 /* Form.swift */,
				759FB92423E89EDA00DE04A4 /* FormField.swift */,
				759FB92623E89EE300DE04A4 /* FieldOptions.swift */,
			);
			path = Models;
			sourceTree = "<group>";
		};
		759FB92823E8A06700DE04A4 /* WebServices */ = {
			isa = PBXGroup;
			children = (
				759FB92923E8A07B00DE04A4 /* FormWebService.swift */,
				757774AA23EF120700D7864A /* LoginWebService.swift */,
			);
			path = WebServices;
			sourceTree = "<group>";
		};
		759FB92B23E8A0D200DE04A4 /* Web Models */ = {
			isa = PBXGroup;
			children = (
				759FB92C23E8A0E500DE04A4 /* FormsModel.swift */,
				759FB93123E8A37200DE04A4 /* FieldsModel.swift */,
				759FB93523E8A4C600DE04A4 /* SimpleModel.swift */,
			);
			path = "Web Models";
			sourceTree = "<group>";
		};
		759FB92E23E8A14E00DE04A4 /* Utils */ = {
			isa = PBXGroup;
			children = (
				759FB92F23E8A15800DE04A4 /* MyUrls.swift */,
				759FB93323E8A3E300DE04A4 /* DataProcessor.swift */,
				759FB93723E8AC8200DE04A4 /* Data.swift */,
				759FB93923E8AF8500DE04A4 /* Utils.swift */,
				759FB93B23E8C55D00DE04A4 /* RPicker.swift */,
			);
			path = Utils;
			sourceTree = "<group>";
		};
		75A1564523E8929100C5C92B = {
			isa = PBXGroup;
			children = (
				75A1565023E8929100C5C92B /* IEProject */,
				75A1564F23E8929100C5C92B /* Products */,
				F687296C38F6FFC250321B5F /* Pods */,
				C6A0F8C060EC797024D8C4B4 /* Frameworks */,
			);
			sourceTree = "<group>";
		};
		75A1564F23E8929100C5C92B /* Products */ = {
			isa = PBXGroup;
			children = (
				75A1564E23E8929100C5C92B /* IEProject.app */,
			);
			name = Products;
			sourceTree = "<group>";
		};
		75A1565023E8929100C5C92B /* IEProject */ = {
			isa = PBXGroup;
			children = (
				759FB92E23E8A14E00DE04A4 /* Utils */,
				759FB92B23E8A0D200DE04A4 /* Web Models */,
				759FB92823E8A06700DE04A4 /* WebServices */,
				759FB92123E89EBD00DE04A4 /* Models */,
				75A1567523E89CDF00C5C92B /* ViewControllers */,
				75A1566C23E89C1D00C5C92B /* TableView Cells */,
				75A1565123E8929100C5C92B /* AppDelegate.swift */,
				75A1565323E8929100C5C92B /* SceneDelegate.swift */,
				75A1565723E8929100C5C92B /* Main.storyboard */,
				75A1565A23E8929600C5C92B /* Assets.xcassets */,
				75A1565C23E8929600C5C92B /* LaunchScreen.storyboard */,
				75A1565F23E8929600C5C92B /* Info.plist */,
				75A1566A23E89A1000C5C92B /* MapView.swift */,
			);
			path = IEProject;
			sourceTree = "<group>";
		};
		75A1566C23E89C1D00C5C92B /* TableView Cells */ = {
			isa = PBXGroup;
			children = (
				75A1566D23E89C4600C5C92B /* TextNumberCell.swift */,
				75A1566F23E89C5600C5C92B /* DropdownCell.swift */,
				75A1567123E89C6400C5C92B /* LocationCell.swift */,
				75A1567323E89C7500C5C92B /* DateCell.swift */,
				75A1567823E89D9800C5C92B /* ListCell.swift */,
			);
			path = "TableView Cells";
			sourceTree = "<group>";
		};
		75A1567523E89CDF00C5C92B /* ViewControllers */ = {
			isa = PBXGroup;
			children = (
				75A1566623E8984400C5C92B /* FormsListViewController.swift */,
				75A1565523E8929100C5C92B /* ViewController.swift */,
				75A1567623E89CFB00C5C92B /* ViewFormViewController.swift */,
				757774A823EF0FDB00D7864A /* LoginViewController.swift */,
				757774AC23EF153B00D7864A /* FirstViewController.swift */,
			);
			path = ViewControllers;
			sourceTree = "<group>";
		};
		C6A0F8C060EC797024D8C4B4 /* Frameworks */ = {
			isa = PBXGroup;
			children = (
				80751E09E603707A8942C0D8 /* Pods_IEProject.framework */,
			);
			name = Frameworks;
			sourceTree = "<group>";
		};
		F687296C38F6FFC250321B5F /* Pods */ = {
			isa = PBXGroup;
			children = (
				DE506ADFC6271F726B5B349C /* Pods-IEProject.debug.xcconfig */,
				A762670D19C0A271A0B40A65 /* Pods-IEProject.release.xcconfig */,
			);
			path = Pods;
			sourceTree = "<group>";
		};
/* End PBXGroup section */

/* Begin PBXNativeTarget section */
		75A1564D23E8929100C5C92B /* IEProject */ = {
			isa = PBXNativeTarget;
			buildConfigurationList = 75A1566223E8929600C5C92B /* Build configuration list for PBXNativeTarget "IEProject" */;
			buildPhases = (
				7D26F22DDE7EAA0CEDB80142 /* [CP] Check Pods Manifest.lock */,
				75A1564A23E8929100C5C92B /* Sources */,
				75A1564B23E8929100C5C92B /* Frameworks */,
				75A1564C23E8929100C5C92B /* Resources */,
				B27D6FA830F864A2D7C6F031 /* [CP] Embed Pods Frameworks */,
				77ADABA0440E9F4051949346 /* [CP] Copy Pods Resources */,
			);
			buildRules = (
			);
			dependencies = (
			);
			name = IEProject;
			productName = IEProject;
			productReference = 75A1564E23E8929100C5C92B /* IEProject.app */;
			productType = "com.apple.product-type.application";
		};
/* End PBXNativeTarget section */

/* Begin PBXProject section */
		75A1564623E8929100C5C92B /* Project object */ = {
			isa = PBXProject;
			attributes = {
				LastSwiftUpdateCheck = 1130;
				LastUpgradeCheck = 1130;
				ORGANIZATIONNAME = WebGroup24;
				TargetAttributes = {
					75A1564D23E8929100C5C92B = {
						CreatedOnToolsVersion = 11.3;
					};
				};
			};
			buildConfigurationList = 75A1564923E8929100C5C92B /* Build configuration list for PBXProject "IEProject" */;
			compatibilityVersion = "Xcode 9.3";
			developmentRegion = en;
			hasScannedForEncodings = 0;
			knownRegions = (
				en,
				Base,
			);
			mainGroup = 75A1564523E8929100C5C92B;
			productRefGroup = 75A1564F23E8929100C5C92B /* Products */;
			projectDirPath = "";
			projectRoot = "";
			targets = (
				75A1564D23E8929100C5C92B /* IEProject */,
			);
		};
/* End PBXProject section */

/* Begin PBXResourcesBuildPhase section */
		75A1564C23E8929100C5C92B /* Resources */ = {
			isa = PBXResourcesBuildPhase;
			buildActionMask = 2147483647;
			files = (
				75A1565E23E8929600C5C92B /* LaunchScreen.storyboard in Resources */,
				75A1565B23E8929600C5C92B /* Assets.xcassets in Resources */,
				75A1565923E8929100C5C92B /* Main.storyboard in Resources */,
			);
			runOnlyForDeploymentPostprocessing = 0;
		};
/* End PBXResourcesBuildPhase section */

/* Begin PBXShellScriptBuildPhase section */
		77ADABA0440E9F4051949346 /* [CP] Copy Pods Resources */ = {
			isa = PBXShellScriptBuildPhase;
			buildActionMask = 2147483647;
			files = (
			);
			inputFileListPaths = (
				"${PODS_ROOT}/Target Support Files/Pods-IEProject/Pods-IEProject-resources-${CONFIGURATION}-input-files.xcfilelist",
			);
			name = "[CP] Copy Pods Resources";
			outputFileListPaths = (
				"${PODS_ROOT}/Target Support Files/Pods-IEProject/Pods-IEProject-resources-${CONFIGURATION}-output-files.xcfilelist",
			);
			runOnlyForDeploymentPostprocessing = 0;
			shellPath = /bin/sh;
			shellScript = "\"${PODS_ROOT}/Target Support Files/Pods-IEProject/Pods-IEProject-resources.sh\"\n";
			showEnvVarsInLog = 0;
		};
		7D26F22DDE7EAA0CEDB80142 /* [CP] Check Pods Manifest.lock */ = {
			isa = PBXShellScriptBuildPhase;
			buildActionMask = 2147483647;
			files = (
			);
			inputFileListPaths = (
			);
			inputPaths = (
				"${PODS_PODFILE_DIR_PATH}/Podfile.lock",
				"${PODS_ROOT}/Manifest.lock",
			);
			name = "[CP] Check Pods Manifest.lock";
			outputFileListPaths = (
			);
			outputPaths = (
				"$(DERIVED_FILE_DIR)/Pods-IEProject-checkManifestLockResult.txt",
			);
			runOnlyForDeploymentPostprocessing = 0;
			shellPath = /bin/sh;
			shellScript = "diff \"${PODS_PODFILE_DIR_PATH}/Podfile.lock\" \"${PODS_ROOT}/Manifest.lock\" > /dev/null\nif [ $? != 0 ] ; then\n    # print error to STDERR\n    echo \"error: The sandbox is not in sync with the Podfile.lock. Run 'pod install' or update your CocoaPods installation.\" >&2\n    exit 1\nfi\n# This output is used by Xcode 'outputs' to avoid re-running this script phase.\necho \"SUCCESS\" > \"${SCRIPT_OUTPUT_FILE_0}\"\n";
			showEnvVarsInLog = 0;
		};
		B27D6FA830F864A2D7C6F031 /* [CP] Embed Pods Frameworks */ = {
			isa = PBXShellScriptBuildPhase;
			buildActionMask = 2147483647;
			files = (
			);
			inputFileListPaths = (
				"${PODS_ROOT}/Target Support Files/Pods-IEProject/Pods-IEProject-frameworks-${CONFIGURATION}-input-files.xcfilelist",
			);
			name = "[CP] Embed Pods Frameworks";
			outputFileListPaths = (
				"${PODS_ROOT}/Target Support Files/Pods-IEProject/Pods-IEProject-frameworks-${CONFIGURATION}-output-files.xcfilelist",
			);
			runOnlyForDeploymentPostprocessing = 0;
			shellPath = /bin/sh;
			shellScript = "\"${PODS_ROOT}/Target Support Files/Pods-IEProject/Pods-IEProject-frameworks.sh\"\n";
			showEnvVarsInLog = 0;
		};
/* End PBXShellScriptBuildPhase section */

/* Begin PBXSourcesBuildPhase section */
		75A1564A23E8929100C5C92B /* Sources */ = {
			isa = PBXSourcesBuildPhase;
			buildActionMask = 2147483647;
			files = (
				759FB93023E8A15800DE04A4 /* MyUrls.swift in Sources */,
				75A1565623E8929100C5C92B /* ViewController.swift in Sources */,
				75A1567423E89C7500C5C92B /* DateCell.swift in Sources */,
				75A1566B23E89A1000C5C92B /* MapView.swift in Sources */,
				759FB92D23E8A0E500DE04A4 /* FormsModel.swift in Sources */,
				757774AD23EF153B00D7864A /* FirstViewController.swift in Sources */,
				75A1567023E89C5600C5C92B /* DropdownCell.swift in Sources */,
				75A1567723E89CFB00C5C92B /* ViewFormViewController.swift in Sources */,
				759FB93A23E8AF8500DE04A4 /* Utils.swift in Sources */,
				757774AB23EF120700D7864A /* LoginWebService.swift in Sources */,
				759FB93823E8AC8200DE04A4 /* Data.swift in Sources */,
				759FB92A23E8A07B00DE04A4 /* FormWebService.swift in Sources */,
				759FB93223E8A37200DE04A4 /* FieldsModel.swift in Sources */,
				759FB92523E89EDA00DE04A4 /* FormField.swift in Sources */,
				757774A923EF0FDB00D7864A /* LoginViewController.swift in Sources */,
				759FB92323E89ECC00DE04A4 /* Form.swift in Sources */,
				759FB93C23E8C55D00DE04A4 /* RPicker.swift in Sources */,
				759FB93623E8A4C600DE04A4 /* SimpleModel.swift in Sources */,
				759FB92723E89EE300DE04A4 /* FieldOptions.swift in Sources */,
				75A1565223E8929100C5C92B /* AppDelegate.swift in Sources */,
				759FB93423E8A3E300DE04A4 /* DataProcessor.swift in Sources */,
				75A1567923E89D9800C5C92B /* ListCell.swift in Sources */,
				75A1566723E8984400C5C92B /* FormsListViewController.swift in Sources */,
				75A1567223E89C6400C5C92B /* LocationCell.swift in Sources */,
				75A1565423E8929100C5C92B /* SceneDelegate.swift in Sources */,
				75A1566E23E89C4600C5C92B /* TextNumberCell.swift in Sources */,
			);
			runOnlyForDeploymentPostprocessing = 0;
		};
/* End PBXSourcesBuildPhase section */

/* Begin PBXVariantGroup section */
		75A1565723E8929100C5C92B /* Main.storyboard */ = {
			isa = PBXVariantGroup;
			children = (
				75A1565823E8929100C5C92B /* Base */,
			);
			name = Main.storyboard;
			sourceTree = "<group>";
		};
		75A1565C23E8929600C5C92B /* LaunchScreen.storyboard */ = {
			isa = PBXVariantGroup;
			children = (
				75A1565D23E8929600C5C92B /* Base */,
			);
			name = LaunchScreen.storyboard;
			sourceTree = "<group>";
		};
/* End PBXVariantGroup section */

/* Begin XCBuildConfiguration section */
		75A1566023E8929600C5C92B /* Debug */ = {
			isa = XCBuildConfiguration;
			buildSettings = {
				ALWAYS_SEARCH_USER_PATHS = NO;
				CLANG_ANALYZER_NONNULL = YES;
				CLANG_ANALYZER_NUMBER_OBJECT_CONVERSION = YES_AGGRESSIVE;
				CLANG_CXX_LANGUAGE_STANDARD = "gnu++14";
				CLANG_CXX_LIBRARY = "libc++";
				CLANG_ENABLE_MODULES = YES;
				CLANG_ENABLE_OBJC_ARC = YES;
				CLANG_ENABLE_OBJC_WEAK = YES;
				CLANG_WARN_BLOCK_CAPTURE_AUTORELEASING = YES;
				CLANG_WARN_BOOL_CONVERSION = YES;
				CLANG_WARN_COMMA = YES;
				CLANG_WARN_CONSTANT_CONVERSION = YES;
				CLANG_WARN_DEPRECATED_OBJC_IMPLEMENTATIONS = YES;
				CLANG_WARN_DIRECT_OBJC_ISA_USAGE = YES_ERROR;
				CLANG_WARN_DOCUMENTATION_COMMENTS = YES;
				CLANG_WARN_EMPTY_BODY = YES;
				CLANG_WARN_ENUM_CONVERSION = YES;
				CLANG_WARN_INFINITE_RECURSION = YES;
				CLANG_WARN_INT_CONVERSION = YES;
				CLANG_WARN_NON_LITERAL_NULL_CONVERSION = YES;
				CLANG_WARN_OBJC_IMPLICIT_RETAIN_SELF = YES;
				CLANG_WARN_OBJC_LITERAL_CONVERSION = YES;
				CLANG_WARN_OBJC_ROOT_CLASS = YES_ERROR;
				CLANG_WARN_RANGE_LOOP_ANALYSIS = YES;
				CLANG_WARN_STRICT_PROTOTYPES = YES;
				CLANG_WARN_SUSPICIOUS_MOVE = YES;
				CLANG_WARN_UNGUARDED_AVAILABILITY = YES_AGGRESSIVE;
				CLANG_WARN_UNREACHABLE_CODE = YES;
				CLANG_WARN__DUPLICATE_METHOD_MATCH = YES;
				COPY_PHASE_STRIP = NO;
				DEBUG_INFORMATION_FORMAT = dwarf;
				ENABLE_STRICT_OBJC_MSGSEND = YES;
				ENABLE_TESTABILITY = YES;
				GCC_C_LANGUAGE_STANDARD = gnu11;
				GCC_DYNAMIC_NO_PIC = NO;
				GCC_NO_COMMON_BLOCKS = YES;
				GCC_OPTIMIZATION_LEVEL = 0;
				GCC_PREPROCESSOR_DEFINITIONS = (
					"DEBUG=1",
					"$(inherited)",
				);
				GCC_WARN_64_TO_32_BIT_CONVERSION = YES;
				GCC_WARN_ABOUT_RETURN_TYPE = YES_ERROR;
				GCC_WARN_UNDECLARED_SELECTOR = YES;
				GCC_WARN_UNINITIALIZED_AUTOS = YES_AGGRESSIVE;
				GCC_WARN_UNUSED_FUNCTION = YES;
				GCC_WARN_UNUSED_VARIABLE = YES;
				IPHONEOS_DEPLOYMENT_TARGET = 13.2;
				MTL_ENABLE_DEBUG_INFO = INCLUDE_SOURCE;
				MTL_FAST_MATH = YES;
				ONLY_ACTIVE_ARCH = YES;
				SDKROOT = iphoneos;
				SWIFT_ACTIVE_COMPILATION_CONDITIONS = DEBUG;
				SWIFT_OPTIMIZATION_LEVEL = "-Onone";
			};
			name = Debug;
		};
		75A1566123E8929600C5C92B /* Release */ = {
			isa = XCBuildConfiguration;
			buildSettings = {
				ALWAYS_SEARCH_USER_PATHS = NO;
				CLANG_ANALYZER_NONNULL = YES;
				CLANG_ANALYZER_NUMBER_OBJECT_CONVERSION = YES_AGGRESSIVE;
				CLANG_CXX_LANGUAGE_STANDARD = "gnu++14";
				CLANG_CXX_LIBRARY = "libc++";
				CLANG_ENABLE_MODULES = YES;
				CLANG_ENABLE_OBJC_ARC = YES;
				CLANG_ENABLE_OBJC_WEAK = YES;
				CLANG_WARN_BLOCK_CAPTURE_AUTORELEASING = YES;
				CLANG_WARN_BOOL_CONVERSION = YES;
				CLANG_WARN_COMMA = YES;
				CLANG_WARN_CONSTANT_CONVERSION = YES;
				CLANG_WARN_DEPRECATED_OBJC_IMPLEMENTATIONS = YES;
				CLANG_WARN_DIRECT_OBJC_ISA_USAGE = YES_ERROR;
				CLANG_WARN_DOCUMENTATION_COMMENTS = YES;
				CLANG_WARN_EMPTY_BODY = YES;
				CLANG_WARN_ENUM_CONVERSION = YES;
				CLANG_WARN_INFINITE_RECURSION = YES;
				CLANG_WARN_INT_CONVERSION = YES;
				CLANG_WARN_NON_LITERAL_NULL_CONVERSION = YES;
				CLANG_WARN_OBJC_IMPLICIT_RETAIN_SELF = YES;
				CLANG_WARN_OBJC_LITERAL_CONVERSION = YES;
				CLANG_WARN_OBJC_ROOT_CLASS = YES_ERROR;
				CLANG_WARN_RANGE_LOOP_ANALYSIS = YES;
				CLANG_WARN_STRICT_PROTOTYPES = YES;
				CLANG_WARN_SUSPICIOUS_MOVE = YES;
				CLANG_WARN_UNGUARDED_AVAILABILITY = YES_AGGRESSIVE;
				CLANG_WARN_UNREACHABLE_CODE = YES;
				CLANG_WARN__DUPLICATE_METHOD_MATCH = YES;
				COPY_PHASE_STRIP = NO;
				DEBUG_INFORMATION_FORMAT = "dwarf-with-dsym";
				ENABLE_NS_ASSERTIONS = NO;
				ENABLE_STRICT_OBJC_MSGSEND = YES;
				GCC_C_LANGUAGE_STANDARD = gnu11;
				GCC_NO_COMMON_BLOCKS = YES;
				GCC_WARN_64_TO_32_BIT_CONVERSION = YES;
				GCC_WARN_ABOUT_RETURN_TYPE = YES_ERROR;
				GCC_WARN_UNDECLARED_SELECTOR = YES;
				GCC_WARN_UNINITIALIZED_AUTOS = YES_AGGRESSIVE;
				GCC_WARN_UNUSED_FUNCTION = YES;
				GCC_WARN_UNUSED_VARIABLE = YES;
				IPHONEOS_DEPLOYMENT_TARGET = 13.2;
				MTL_ENABLE_DEBUG_INFO = NO;
				MTL_FAST_MATH = YES;
				SDKROOT = iphoneos;
				SWIFT_COMPILATION_MODE = wholemodule;
				SWIFT_OPTIMIZATION_LEVEL = "-O";
				VALIDATE_PRODUCT = YES;
			};
			name = Release;
		};
		75A1566323E8929600C5C92B /* Debug */ = {
			isa = XCBuildConfiguration;
			baseConfigurationReference = DE506ADFC6271F726B5B349C /* Pods-IEProject.debug.xcconfig */;
			buildSettings = {
				ASSETCATALOG_COMPILER_APPICON_NAME = AppIcon;
				CODE_SIGN_STYLE = Automatic;
				DEVELOPMENT_TEAM = 5FMML86HCW;
				INFOPLIST_FILE = IEProject/Info.plist;
				LD_RUNPATH_SEARCH_PATHS = (
					"$(inherited)",
					"@executable_path/Frameworks",
				);
				PRODUCT_BUNDLE_IDENTIFIER = ir.webgroup24.IEProject;
				PRODUCT_NAME = "$(TARGET_NAME)";
				SWIFT_VERSION = 5.0;
				TARGETED_DEVICE_FAMILY = "1,2";
			};
			name = Debug;
		};
		75A1566423E8929600C5C92B /* Release */ = {
			isa = XCBuildConfiguration;
			baseConfigurationReference = A762670D19C0A271A0B40A65 /* Pods-IEProject.release.xcconfig */;
			buildSettings = {
				ASSETCATALOG_COMPILER_APPICON_NAME = AppIcon;
				CODE_SIGN_STYLE = Automatic;
				DEVELOPMENT_TEAM = 5FMML86HCW;
				INFOPLIST_FILE = IEProject/Info.plist;
				LD_RUNPATH_SEARCH_PATHS = (
					"$(inherited)",
					"@executable_path/Frameworks",
				);
				PRODUCT_BUNDLE_IDENTIFIER = ir.webgroup24.IEProject;
				PRODUCT_NAME = "$(TARGET_NAME)";
				SWIFT_VERSION = 5.0;
				TARGETED_DEVICE_FAMILY = "1,2";
			};
			name = Release;
		};
/* End XCBuildConfiguration section */

/* Begin XCConfigurationList section */
		75A1564923E8929100C5C92B /* Build configuration list for PBXProject "IEProject" */ = {
			isa = XCConfigurationList;
			buildConfigurations = (
				75A1566023E8929600C5C92B /* Debug */,
				75A1566123E8929600C5C92B /* Release */,
			);
			defaultConfigurationIsVisible = 0;
			defaultConfigurationName = Release;
		};
		75A1566223E8929600C5C92B /* Build configuration list for PBXNativeTarget "IEProject" */ = {
			isa = XCConfigurationList;
			buildConfigurations = (
				75A1566323E8929600C5C92B /* Debug */,
				75A1566423E8929600C5C92B /* Release */,
			);
			defaultConfigurationIsVisible = 0;
			defaultConfigurationName = Release;
		};
/* End XCConfigurationList section */
	};
	rootObject = 75A1564623E8929100C5C92B /* Project object */;
}
